
Microsoft Visual Studio Solution File, Format Version 12.00
# Visual Studio Version 17
VisualStudioVersion = 17.14.36518.9 d17.14
MinimumVisualStudioVersion = 10.0.40219.1
Project("{FAE04EC0-301F-11D3-BF4B-00C04F79EFBC}") = "Google.Solutions.WWAuth", "Google.Solutions.WWAuth\Google.Solutions.WWAuth.csproj", "{67396B4D-EA27-4BA5-86DC-D5FBABB5277B}"
EndProject
Project("{FAE04EC0-301F-11D3-BF4B-00C04F79EFBC}") = "Google.Solutions.WWAuth.Test", "Google.Solutions.WWAuth.Test\Google.Solutions.WWAuth.Test.csproj", "{6CE75096-FEB3-4E1C-906D-D912317A13C0}"
EndProject
Project("{2150E333-8FDC-42A3-9474-1A3956D46DE8}") = "Solution Items", "Solution Items", "{8EC462FD-D22E-90A8-E5CE-7E832BA40C5D}"
	ProjectSection(SolutionItems) = preProject
		build.ps1 = build.ps1
		Directory.Packages.props = Directory.Packages.props
	EndProjectSection
EndProject
Global
	GlobalSection(SolutionConfigurationPlatforms) = preSolution
		Debug|Any CPU = Debug|Any CPU
		Release|Any CPU = Release|Any CPU
	EndGlobalSection
	GlobalSection(ProjectConfigurationPlatforms) = postSolution
		{67396B4D-EA27-4BA5-86DC-D5FBABB5277B}.Debug|Any CPU.ActiveCfg = Debug|Any CPU
		{67396B4D-EA27-4BA5-86DC-D5FBABB5277B}.Debug|Any CPU.Build.0 = Debug|Any CPU
		{67396B4D-EA27-4BA5-86DC-D5FBABB5277B}.Release|Any CPU.ActiveCfg = Release|Any CPU
		{67396B4D-EA27-4BA5-86DC-D5FBABB5277B}.Release|Any CPU.Build.0 = Release|Any CPU
		{6CE75096-FEB3-4E1C-906D-D912317A13C0}.Debug|Any CPU.ActiveCfg = Debug|Any CPU
		{6CE75096-FEB3-4E1C-906D-D912317A13C0}.Debug|Any CPU.Build.0 = Debug|Any CPU
		{6CE75096-FEB3-4E1C-906D-D912317A13C0}.Release|Any CPU.ActiveCfg = Release|Any CPU
		{6CE75096-FEB3-4E1C-906D-D912317A13C0}.Release|Any CPU.Build.0 = Release|Any CPU
	EndGlobalSection
	GlobalSection(SolutionProperties) = preSolution
		HideSolutionNode = FALSE
	EndGlobalSection
	GlobalSection(ExtensibilityGlobals) = postSolution
		SolutionGuid = {6C7AD9F8-9DDD-46A0-B569-1F322A6FA744}
	EndGlobalSection
EndGlobal
